
Microsoft Visual Studio Solution File, Format Version 12.00
# Visual Studio Version 16
VisualStudioVersion = 16.0.31005.135
MinimumVisualStudioVersion = 10.0.40219.1
Project("{FAE04EC0-301F-11D3-BF4B-00C04F79EFBC}") = "addressbook-web-tests", "addressbook-web-tests\addressbook-web-tests.csproj", "{1A075BE2-89C4-437F-89DE-BAF809503BC5}"
EndProject
Project("{FAE04EC0-301F-11D3-BF4B-00C04F79EFBC}") = "addressbook-test-data-generators", "addressbook-test-data-generators\addressbook-test-data-generators.csproj", "{7DC85AF7-FE4C-440E-B8A7-92DE084D6CFF}"
	ProjectSection(ProjectDependencies) = postProject
		{1A075BE2-89C4-437F-89DE-BAF809503BC5} = {1A075BE2-89C4-437F-89DE-BAF809503BC5}
	EndProjectSection
EndProject
Global
	GlobalSection(SolutionConfigurationPlatforms) = preSolution
		Debug|Any CPU = Debug|Any CPU
		Release|Any CPU = Release|Any CPU
	EndGlobalSection
	GlobalSection(ProjectConfigurationPlatforms) = postSolution
		{1A075BE2-89C4-437F-89DE-BAF809503BC5}.Debug|Any CPU.ActiveCfg = Debug|Any CPU
		{1A075BE2-89C4-437F-89DE-BAF809503BC5}.Debug|Any CPU.Build.0 = Debug|Any CPU
		{1A075BE2-89C4-437F-89DE-BAF809503BC5}.Release|Any CPU.ActiveCfg = Release|Any CPU
		{1A075BE2-89C4-437F-89DE-BAF809503BC5}.Release|Any CPU.Build.0 = Release|Any CPU
		{7DC85AF7-FE4C-440E-B8A7-92DE084D6CFF}.Debug|Any CPU.ActiveCfg = Debug|Any CPU
		{7DC85AF7-FE4C-440E-B8A7-92DE084D6CFF}.Debug|Any CPU.Build.0 = Debug|Any CPU
		{7DC85AF7-FE4C-440E-B8A7-92DE084D6CFF}.Release|Any CPU.ActiveCfg = Release|Any CPU
		{7DC85AF7-FE4C-440E-B8A7-92DE084D6CFF}.Release|Any CPU.Build.0 = Release|Any CPU
	EndGlobalSection
	GlobalSection(SolutionProperties) = preSolution
		HideSolutionNode = FALSE
	EndGlobalSection
	GlobalSection(ExtensibilityGlobals) = postSolution
		SolutionGuid = {16533E45-C6B9-4CE8-B0E1-400F45819E40}
	EndGlobalSection
EndGlobal
